{
    "requires": true,
    "lockfileVersion": 1,
    "dependencies": {
        "vuetify": {
            "version": "1.2.1",
            "resolved": "https://registry.npmjs.org/vuetify/-/vuetify-1.2.1.tgz",
            "integrity": "sha512-PP0OTvhp3jEkgq8swd1v7cofwMxZCOINN7uizUckTtU8dsi/QwXNiF5ixn55tz+VMZ2YIkntjxEf2yTyCtRxJA=="
        }
    }
}
